schema: '2.0'
stages:
  collect_data:
    cmd: python scripts/fetch_data.py
    deps:
    - path: scripts/fetch_data.py
      hash: md5
      md5: cd11d5061d5b0d2fcdbc4dbbabe104e7
      size: 2056
    outs:
    - path: data/raw_data.csv
      hash: md5
      md5: 38a56f3533567c52215f609851f15ea6
      size: 924
  preprocess_data:
    cmd: python scripts/preprocess.py
    deps:
    - path: data/raw_data.csv
      hash: md5
      md5: 38a56f3533567c52215f609851f15ea6
      size: 924
    - path: scripts/preprocess.py
      hash: md5
      md5: 63d8cda1da65e85c212ec772824ae569
      size: 3617
    outs:
    - path: data/processed_data.csv
      hash: md5
      md5: 4d60be4f345af78581c2820ada10e773
      size: 2136
  train_model:
    cmd: python scripts/train_model.py
    deps:
    - path: data/processed_data.csv
      hash: md5
      md5: 4d60be4f345af78581c2820ada10e773
      size: 2136
    - path: scripts/train_model.py
      hash: md5
      md5: c1fca123615c473ef0a64aebb6890e53
      size: 350
    outs:
    - path: models/model.pkl
      hash: md5
      md5: 52bcfd3cbda69d149f209dec7ce244da
      size: 590
